
Microsoft Visual Studio Solution File, Format Version 12.00
# Visual Studio Version 16
VisualStudioVersion = 16.0.30523.141
MinimumVisualStudioVersion = 10.0.40219.1
Project("{FAE04EC0-301F-11D3-BF4B-00C04F79EFBC}") = "Solucion1", "Solucion1\Solucion1.csproj", "{F85E374B-6B5A-4665-979F-4C25D429610C}"
EndProject
Global
	GlobalSection(SolutionConfigurationPlatforms) = preSolution
		Debug|Any CPU = Debug|Any CPU
		Release|Any CPU = Release|Any CPU
	EndGlobalSection
	GlobalSection(ProjectConfigurationPlatforms) = postSolution
		{F85E374B-6B5A-4665-979F-4C25D429610C}.Debug|Any CPU.ActiveCfg = Debug|Any CPU
		{F85E374B-6B5A-4665-979F-4C25D429610C}.Debug|Any CPU.Build.0 = Debug|Any CPU
		{F85E374B-6B5A-4665-979F-4C25D429610C}.Release|Any CPU.ActiveCfg = Release|Any CPU
		{F85E374B-6B5A-4665-979F-4C25D429610C}.Release|Any CPU.Build.0 = Release|Any CPU
	EndGlobalSection
	GlobalSection(SolutionProperties) = preSolution
		HideSolutionNode = FALSE
	EndGlobalSection
	GlobalSection(ExtensibilityGlobals) = postSolution
		SolutionGuid = {0D6E7134-C577-4FF8-B219-9116301BA020}
	EndGlobalSection
EndGlobal
